// !$*UTF8*$!
{
	archiveVersion = 1;
	classes = {
	};
	objectVersion = 46;
	objects = {

/* Begin PBXBuildFile section */
		B716F7C71AFBC9640097FA73 /* Meme.swift in Sources */ = {isa = PBXBuildFile; fileRef = B716F7C61AFBC9640097FA73 /* Meme.swift */; };
		B7410B7D1B0F6E3A0009E4D2 /* Impact.ttf in Resources */ = {isa = PBXBuildFile; fileRef = B7410B7C1B0F6E3A0009E4D2 /* Impact.ttf */; };
		B7ADC90F1B01001300FD019A /* MemeCollectionViewCell.swift in Sources */ = {isa = PBXBuildFile; fileRef = B7ADC90E1B01001300FD019A /* MemeCollectionViewCell.swift */; };
		B7B4618F1AF916D100329983 /* AppDelegate.swift in Sources */ = {isa = PBXBuildFile; fileRef = B7B4618E1AF916D100329983 /* AppDelegate.swift */; };
		B7B461911AF916D100329983 /* MemeEditorViewController.swift in Sources */ = {isa = PBXBuildFile; fileRef = B7B461901AF916D100329983 /* MemeEditorViewController.swift */; };
		B7B461941AF916D100329983 /* Main.storyboard in Resources */ = {isa = PBXBuildFile; fileRef = B7B461921AF916D100329983 /* Main.storyboard */; };
		B7B461961AF916D100329983 /* Images.xcassets in Resources */ = {isa = PBXBuildFile; fileRef = B7B461951AF916D100329983 /* Images.xcassets */; };
		B7B461991AF916D100329983 /* LaunchScreen.xib in Resources */ = {isa = PBXBuildFile; fileRef = B7B461971AF916D100329983 /* LaunchScreen.xib */; };
		B7B461A51AF916D100329983 /* MemeMeTests.swift in Sources */ = {isa = PBXBuildFile; fileRef = B7B461A41AF916D100329983 /* MemeMeTests.swift */; };
		B7C79AAE1AFE69FE00507D14 /* MemeCollectionViewController.swift in Sources */ = {isa = PBXBuildFile; fileRef = B7C79AAD1AFE69FE00507D14 /* MemeCollectionViewController.swift */; };
		B7D2BDFB1B0135F10041C3FD /* MemeTableViewController.swift in Sources */ = {isa = PBXBuildFile; fileRef = B7D2BDFA1B0135F10041C3FD /* MemeTableViewController.swift */; };
		B7D2BDFD1B01407A0041C3FD /* MemeDetailViewController.swift in Sources */ = {isa = PBXBuildFile; fileRef = B7D2BDFC1B01407A0041C3FD /* MemeDetailViewController.swift */; };
		B7D327A31B03F0E100305B62 /* MemeTableViewCell.swift in Sources */ = {isa = PBXBuildFile; fileRef = B7D327A21B03F0E100305B62 /* MemeTableViewCell.swift */; };
		B7D5BA841B113A5E0063B395 /* MemeCropViewController.swift in Sources */ = {isa = PBXBuildFile; fileRef = B7D5BA831B113A5E0063B395 /* MemeCropViewController.swift */; };
/* End PBXBuildFile section */

/* Begin PBXContainerItemProxy section */
		B7B4619F1AF916D100329983 /* PBXContainerItemProxy */ = {
			isa = PBXContainerItemProxy;
			containerPortal = B7B461811AF916D100329983 /* Project object */;
			proxyType = 1;
			remoteGlobalIDString = B7B461881AF916D100329983;
			remoteInfo = MemeMe;
		};
/* End PBXContainerItemProxy section */

/* Begin PBXFileReference section */
		B716F7C61AFBC9640097FA73 /* Meme.swift */ = {isa = PBXFileReference; fileEncoding = 4; lastKnownFileType = sourcecode.swift; path = Meme.swift; sourceTree = "<group>"; };
		B7410B7C1B0F6E3A0009E4D2 /* Impact.ttf */ = {isa = PBXFileReference; lastKnownFileType = file; path = Impact.ttf; sourceTree = "<group>"; };
		B7ADC90E1B01001300FD019A /* MemeCollectionViewCell.swift */ = {isa = PBXFileReference; fileEncoding = 4; lastKnownFileType = sourcecode.swift; path = MemeCollectionViewCell.swift; sourceTree = "<group>"; };
		B7B461891AF916D100329983 /* MemeMe.app */ = {isa = PBXFileReference; explicitFileType = wrapper.application; includeInIndex = 0; path = MemeMe.app; sourceTree = BUILT_PRODUCTS_DIR; };
		B7B4618D1AF916D100329983 /* Info.plist */ = {isa = PBXFileReference; lastKnownFileType = text.plist.xml; path = Info.plist; sourceTree = "<group>"; };
		B7B4618E1AF916D100329983 /* AppDelegate.swift */ = {isa = PBXFileReference; lastKnownFileType = sourcecode.swift; path = AppDelegate.swift; sourceTree = "<group>"; };
		B7B461901AF916D100329983 /* MemeEditorViewController.swift */ = {isa = PBXFileReference; lastKnownFileType = sourcecode.swift; path = MemeEditorViewController.swift; sourceTree = "<group>"; };
		B7B461931AF916D100329983 /* Base */ = {isa = PBXFileReference; lastKnownFileType = file.storyboard; name = Base; path = Base.lproj/Main.storyboard; sourceTree = "<group>"; };
		B7B461951AF916D100329983 /* Images.xcassets */ = {isa = PBXFileReference; lastKnownFileType = folder.assetcatalog; path = Images.xcassets; sourceTree = "<group>"; };
		B7B461981AF916D100329983 /* Base */ = {isa = PBXFileReference; lastKnownFileType = file.xib; name = Base; path = Base.lproj/LaunchScreen.xib; sourceTree = "<group>"; };
		B7B4619E1AF916D100329983 /* MemeMeTests.xctest */ = {isa = PBXFileReference; explicitFileType = wrapper.cfbundle; includeInIndex = 0; path = MemeMeTests.xctest; sourceTree = BUILT_PRODUCTS_DIR; };
		B7B461A31AF916D100329983 /* Info.plist */ = {isa = PBXFileReference; lastKnownFileType = text.plist.xml; path = Info.plist; sourceTree = "<group>"; };
		B7B461A41AF916D100329983 /* MemeMeTests.swift */ = {isa = PBXFileReference; lastKnownFileType = sourcecode.swift; path = MemeMeTests.swift; sourceTree = "<group>"; };
		B7C79AAD1AFE69FE00507D14 /* MemeCollectionViewController.swift */ = {isa = PBXFileReference; fileEncoding = 4; lastKnownFileType = sourcecode.swift; path = MemeCollectionViewController.swift; sourceTree = "<group>"; };
		B7D2BDFA1B0135F10041C3FD /* MemeTableViewController.swift */ = {isa = PBXFileReference; fileEncoding = 4; lastKnownFileType = sourcecode.swift; path = MemeTableViewController.swift; sourceTree = "<group>"; };
		B7D2BDFC1B01407A0041C3FD /* MemeDetailViewController.swift */ = {isa = PBXFileReference; fileEncoding = 4; lastKnownFileType = sourcecode.swift; path = MemeDetailViewController.swift; sourceTree = "<group>"; };
		B7D327A21B03F0E100305B62 /* MemeTableViewCell.swift */ = {isa = PBXFileReference; fileEncoding = 4; lastKnownFileType = sourcecode.swift; path = MemeTableViewCell.swift; sourceTree = "<group>"; };
		B7D5BA831B113A5E0063B395 /* MemeCropViewController.swift */ = {isa = PBXFileReference; fileEncoding = 4; lastKnownFileType = sourcecode.swift; path = MemeCropViewController.swift; sourceTree = "<group>"; };
/* End PBXFileReference section */

/* Begin PBXFrameworksBuildPhase section */
		B7B461861AF916D100329983 /* Frameworks */ = {
			isa = PBXFrameworksBuildPhase;
			buildActionMask = 2147483647;
			files = (
			);
			runOnlyForDeploymentPostprocessing = 0;
		};
		B7B4619B1AF916D100329983 /* Frameworks */ = {
			isa = PBXFrameworksBuildPhase;
			buildActionMask = 2147483647;
			files = (
			);
			runOnlyForDeploymentPostprocessing = 0;
		};
/* End PBXFrameworksBuildPhase section */

/* Begin PBXGroup section */
		B7B461801AF916D100329983 = {
			isa = PBXGroup;
			children = (
				B7B4618B1AF916D100329983 /* MemeMe */,
				B7B461A11AF916D100329983 /* MemeMeTests */,
				B7B4618A1AF916D100329983 /* Products */,
			);
			sourceTree = "<group>";
		};
		B7B4618A1AF916D100329983 /* Products */ = {
			isa = PBXGroup;
			children = (
				B7B461891AF916D100329983 /* MemeMe.app */,
				B7B4619E1AF916D100329983 /* MemeMeTests.xctest */,
			);
			name = Products;
			sourceTree = "<group>";
		};
		B7B4618B1AF916D100329983 /* MemeMe */ = {
			isa = PBXGroup;
			children = (
				B7B4618E1AF916D100329983 /* AppDelegate.swift */,
				B716F7C61AFBC9640097FA73 /* Meme.swift */,
				B7ADC90E1B01001300FD019A /* MemeCollectionViewCell.swift */,
				B7C79AAD1AFE69FE00507D14 /* MemeCollectionViewController.swift */,
				B7D327A21B03F0E100305B62 /* MemeTableViewCell.swift */,
				B7D2BDFA1B0135F10041C3FD /* MemeTableViewController.swift */,
				B7D2BDFC1B01407A0041C3FD /* MemeDetailViewController.swift */,
				B7B461901AF916D100329983 /* MemeEditorViewController.swift */,
				B7D5BA831B113A5E0063B395 /* MemeCropViewController.swift */,
				B7B461921AF916D100329983 /* Main.storyboard */,
				B7B461951AF916D100329983 /* Images.xcassets */,
				B7B461971AF916D100329983 /* LaunchScreen.xib */,
				B7B4618C1AF916D100329983 /* Supporting Files */,
			);
			path = MemeMe;
			sourceTree = "<group>";
		};
		B7B4618C1AF916D100329983 /* Supporting Files */ = {
			isa = PBXGroup;
			children = (
				B7410B7C1B0F6E3A0009E4D2 /* Impact.ttf */,
				B7B4618D1AF916D100329983 /* Info.plist */,
			);
			name = "Supporting Files";
			sourceTree = "<group>";
		};
		B7B461A11AF916D100329983 /* MemeMeTests */ = {
			isa = PBXGroup;
			children = (
				B7B461A41AF916D100329983 /* MemeMeTests.swift */,
				B7B461A21AF916D100329983 /* Supporting Files */,
			);
			path = MemeMeTests;
			sourceTree = "<group>";
		};
		B7B461A21AF916D100329983 /* Supporting Files */ = {
			isa = PBXGroup;
			children = (
				B7B461A31AF916D100329983 /* Info.plist */,
			);
			name = "Supporting Files";
			sourceTree = "<group>";
		};
/* End PBXGroup section */

/* Begin PBXNativeTarget section */
		B7B461881AF916D100329983 /* MemeMe */ = {
			isa = PBXNativeTarget;
			buildConfigurationList = B7B461A81AF916D100329983 /* Build configuration list for PBXNativeTarget "MemeMe" */;
			buildPhases = (
				B7B461851AF916D100329983 /* Sources */,
				B7B461861AF916D100329983 /* Frameworks */,
				B7B461871AF916D100329983 /* Resources */,
			);
			buildRules = (
			);
			dependencies = (
			);
			name = MemeMe;
			productName = MemeMe;
			productReference = B7B461891AF916D100329983 /* MemeMe.app */;
			productType = "com.apple.product-type.application";
		};
		B7B4619D1AF916D100329983 /* MemeMeTests */ = {
			isa = PBXNativeTarget;
			buildConfigurationList = B7B461AB1AF916D100329983 /* Build configuration list for PBXNativeTarget "MemeMeTests" */;
			buildPhases = (
				B7B4619A1AF916D100329983 /* Sources */,
				B7B4619B1AF916D100329983 /* Frameworks */,
				B7B4619C1AF916D100329983 /* Resources */,
			);
			buildRules = (
			);
			dependencies = (
				B7B461A01AF916D100329983 /* PBXTargetDependency */,
			);
			name = MemeMeTests;
			productName = MemeMeTests;
			productReference = B7B4619E1AF916D100329983 /* MemeMeTests.xctest */;
			productType = "com.apple.product-type.bundle.unit-test";
		};
/* End PBXNativeTarget section */

/* Begin PBXProject section */
		B7B461811AF916D100329983 /* Project object */ = {
			isa = PBXProject;
			attributes = {
				LastUpgradeCheck = 0630;
				ORGANIZATIONNAME = "Dimitrios Gravvanis";
				TargetAttributes = {
					B7B461881AF916D100329983 = {
						CreatedOnToolsVersion = 6.3;
					};
					B7B4619D1AF916D100329983 = {
						CreatedOnToolsVersion = 6.3;
						TestTargetID = B7B461881AF916D100329983;
					};
				};
			};
			buildConfigurationList = B7B461841AF916D100329983 /* Build configuration list for PBXProject "MemeMe" */;
			compatibilityVersion = "Xcode 3.2";
			developmentRegion = English;
			hasScannedForEncodings = 0;
			knownRegions = (
				en,
				Base,
			);
			mainGroup = B7B461801AF916D100329983;
			productRefGroup = B7B4618A1AF916D100329983 /* Products */;
			projectDirPath = "";
			projectRoot = "";
			targets = (
				B7B461881AF916D100329983 /* MemeMe */,
				B7B4619D1AF916D100329983 /* MemeMeTests */,
			);
		};
/* End PBXProject section */

/* Begin PBXResourcesBuildPhase section */
		B7B461871AF916D100329983 /* Resources */ = {
			isa = PBXResourcesBuildPhase;
			buildActionMask = 2147483647;
			files = (
				B7410B7D1B0F6E3A0009E4D2 /* Impact.ttf in Resources */,
				B7B461941AF916D100329983 /* Main.storyboard in Resources */,
				B7B461991AF916D100329983 /* LaunchScreen.xib in Resources */,
				B7B461961AF916D100329983 /* Images.xcassets in Resources */,
			);
			runOnlyForDeploymentPostprocessing = 0;
		};
		B7B4619C1AF916D100329983 /* Resources */ = {
			isa = PBXResourcesBuildPhase;
			buildActionMask = 2147483647;
			files = (
			);
			runOnlyForDeploymentPostprocessing = 0;
		};
/* End PBXResourcesBuildPhase section */

/* Begin PBXSourcesBuildPhase section */
		B7B461851AF916D100329983 /* Sources */ = {
			isa = PBXSourcesBuildPhase;
			buildActionMask = 2147483647;
			files = (
				B7ADC90F1B01001300FD019A /* MemeCollectionViewCell.swift in Sources */,
				B7D327A31B03F0E100305B62 /* MemeTableViewCell.swift in Sources */,
				B7C79AAE1AFE69FE00507D14 /* MemeCollectionViewController.swift in Sources */,
				B716F7C71AFBC9640097FA73 /* Meme.swift in Sources */,
				B7D2BDFB1B0135F10041C3FD /* MemeTableViewController.swift in Sources */,
				B7D5BA841B113A5E0063B395 /* MemeCropViewController.swift in Sources */,
				B7D2BDFD1B01407A0041C3FD /* MemeDetailViewController.swift in Sources */,
				B7B461911AF916D100329983 /* MemeEditorViewController.swift in Sources */,
				B7B4618F1AF916D100329983 /* AppDelegate.swift in Sources */,
			);
			runOnlyForDeploymentPostprocessing = 0;
		};
		B7B4619A1AF916D100329983 /* Sources */ = {
			isa = PBXSourcesBuildPhase;
			buildActionMask = 2147483647;
			files = (
				B7B461A51AF916D100329983 /* MemeMeTests.swift in Sources */,
			);
			runOnlyForDeploymentPostprocessing = 0;
		};
/* End PBXSourcesBuildPhase section */

/* Begin PBXTargetDependency section */
		B7B461A01AF916D100329983 /* PBXTargetDependency */ = {
			isa = PBXTargetDependency;
			target = B7B461881AF916D100329983 /* MemeMe */;
			targetProxy = B7B4619F1AF916D100329983 /* PBXContainerItemProxy */;
		};
/* End PBXTargetDependency section */

/* Begin PBXVariantGroup section */
		B7B461921AF916D100329983 /* Main.storyboard */ = {
			isa = PBXVariantGroup;
			children = (
				B7B461931AF916D100329983 /* Base */,
			);
			name = Main.storyboard;
			sourceTree = "<group>";
		};
		B7B461971AF916D100329983 /* LaunchScreen.xib */ = {
			isa = PBXVariantGroup;
			children = (
				B7B461981AF916D100329983 /* Base */,
			);
			name = LaunchScreen.xib;
			sourceTree = "<group>";
		};
/* End PBXVariantGroup section */

/* Begin XCBuildConfiguration section */
		B7B461A61AF916D100329983 /* Debug */ = {
			isa = XCBuildConfiguration;
			buildSettings = {
				ALWAYS_SEARCH_USER_PATHS = NO;
				CLANG_CXX_LANGUAGE_STANDARD = "gnu++0x";
				CLANG_CXX_LIBRARY = "libc++";
				CLANG_ENABLE_MODULES = YES;
				CLANG_ENABLE_OBJC_ARC = YES;
				CLANG_WARN_BOOL_CONVERSION = YES;
				CLANG_WARN_CONSTANT_CONVERSION = YES;
				CLANG_WARN_DIRECT_OBJC_ISA_USAGE = YES_ERROR;
				CLANG_WARN_EMPTY_BODY = YES;
				CLANG_WARN_ENUM_CONVERSION = YES;
				CLANG_WARN_INT_CONVERSION = YES;
				CLANG_WARN_OBJC_ROOT_CLASS = YES_ERROR;
				CLANG_WARN_UNREACHABLE_CODE = YES;
				CLANG_WARN__DUPLICATE_METHOD_MATCH = YES;
				"CODE_SIGN_IDENTITY[sdk=iphoneos*]" = "iPhone Developer";
				COPY_PHASE_STRIP = NO;
				DEBUG_INFORMATION_FORMAT = "dwarf-with-dsym";
				ENABLE_STRICT_OBJC_MSGSEND = YES;
				GCC_C_LANGUAGE_STANDARD = gnu99;
				GCC_DYNAMIC_NO_PIC = NO;
				GCC_NO_COMMON_BLOCKS = YES;
				GCC_OPTIMIZATION_LEVEL = 0;
				GCC_PREPROCESSOR_DEFINITIONS = (
					"DEBUG=1",
					"$(inherited)",
				);
				GCC_SYMBOLS_PRIVATE_EXTERN = NO;
				GCC_WARN_64_TO_32_BIT_CONVERSION = YES;
				GCC_WARN_ABOUT_RETURN_TYPE = YES_ERROR;
				GCC_WARN_UNDECLARED_SELECTOR = YES;
				GCC_WARN_UNINITIALIZED_AUTOS = YES_AGGRESSIVE;
				GCC_WARN_UNUSED_FUNCTION = YES;
				GCC_WARN_UNUSED_VARIABLE = YES;
				IPHONEOS_DEPLOYMENT_TARGET = 8.3;
				MTL_ENABLE_DEBUG_INFO = YES;
				ONLY_ACTIVE_ARCH = YES;
				SDKROOT = iphoneos;
				SWIFT_OPTIMIZATION_LEVEL = "-Onone";
			};
			name = Debug;
		};
		B7B461A71AF916D100329983 /* Release */ = {
			isa = XCBuildConfiguration;
			buildSettings = {
				ALWAYS_SEARCH_USER_PATHS = NO;
				CLANG_CXX_LANGUAGE_STANDARD = "gnu++0x";
				CLANG_CXX_LIBRARY = "libc++";
				CLANG_ENABLE_MODULES = YES;
				CLANG_ENABLE_OBJC_ARC = YES;
				CLANG_WARN_BOOL_CONVERSION = YES;
				CLANG_WARN_CONSTANT_CONVERSION = YES;
				CLANG_WARN_DIRECT_OBJC_ISA_USAGE = YES_ERROR;
				CLANG_WARN_EMPTY_BODY = YES;
				CLANG_WARN_ENUM_CONVERSION = YES;
				CLANG_WARN_INT_CONVERSION = YES;
				CLANG_WARN_OBJC_ROOT_CLASS = YES_ERROR;
				CLANG_WARN_UNREACHABLE_CODE = YES;
				CLANG_WARN__DUPLICATE_METHOD_MATCH = YES;
				"CODE_SIGN_IDENTITY[sdk=iphoneos*]" = "iPhone Developer";
				COPY_PHASE_STRIP = NO;
				DEBUG_INFORMATION_FORMAT = "dwarf-with-dsym";
				ENABLE_NS_ASSERTIONS = NO;
				ENABLE_STRICT_OBJC_MSGSEND = YES;
				GCC_C_LANGUAGE_STANDARD = gnu99;
				GCC_NO_COMMON_BLOCKS = YES;
				GCC_WARN_64_TO_32_BIT_CONVERSION = YES;
				GCC_WARN_ABOUT_RETURN_TYPE = YES_ERROR;
				GCC_WARN_UNDECLARED_SELECTOR = YES;
				GCC_WARN_UNINITIALIZED_AUTOS = YES_AGGRESSIVE;
				GCC_WARN_UNUSED_FUNCTION = YES;
				GCC_WARN_UNUSED_VARIABLE = YES;
				IPHONEOS_DEPLOYMENT_TARGET = 8.3;
				MTL_ENABLE_DEBUG_INFO = NO;
				SDKROOT = iphoneos;
				VALIDATE_PRODUCT = YES;
			};
			name = Release;
		};
		B7B461A91AF916D100329983 /* Debug */ = {
			isa = XCBuildConfiguration;
			buildSettings = {
				ASSETCATALOG_COMPILER_APPICON_NAME = AppIcon;
				INFOPLIST_FILE = MemeMe/Info.plist;
				LD_RUNPATH_SEARCH_PATHS = "$(inherited) @executable_path/Frameworks";
				PRODUCT_NAME = "$(TARGET_NAME)";
			};
			name = Debug;
		};
		B7B461AA1AF916D100329983 /* Release */ = {
			isa = XCBuildConfiguration;
			buildSettings = {
				ASSETCATALOG_COMPILER_APPICON_NAME = AppIcon;
				INFOPLIST_FILE = MemeMe/Info.plist;
				LD_RUNPATH_SEARCH_PATHS = "$(inherited) @executable_path/Frameworks";
				PRODUCT_NAME = "$(TARGET_NAME)";
			};
			name = Release;
		};
		B7B461AC1AF916D100329983 /* Debug */ = {
			isa = XCBuildConfiguration;
			buildSettings = {
				BUNDLE_LOADER = "$(TEST_HOST)";
				FRAMEWORK_SEARCH_PATHS = (
					"$(SDKROOT)/Developer/Library/Frameworks",
					"$(inherited)",
				);
				GCC_PREPROCESSOR_DEFINITIONS = (
					"DEBUG=1",
					"$(inherited)",
				);
				INFOPLIST_FILE = MemeMeTests/Info.plist;
				LD_RUNPATH_SEARCH_PATHS = "$(inherited) @executable_path/Frameworks @loader_path/Frameworks";
				PRODUCT_NAME = "$(TARGET_NAME)";
				TEST_HOST = "$(BUILT_PRODUCTS_DIR)/MemeMe.app/MemeMe";
			};
			name = Debug;
		};
		B7B461AD1AF916D100329983 /* Release */ = {
			isa = XCBuildConfiguration;
			buildSettings = {
				BUNDLE_LOADER = "$(TEST_HOST)";
				FRAMEWORK_SEARCH_PATHS = (
					"$(SDKROOT)/Developer/Library/Frameworks",
					"$(inherited)",
				);
				INFOPLIST_FILE = MemeMeTests/Info.plist;
				LD_RUNPATH_SEARCH_PATHS = "$(inherited) @executable_path/Frameworks @loader_path/Frameworks";
				PRODUCT_NAME = "$(TARGET_NAME)";
				TEST_HOST = "$(BUILT_PRODUCTS_DIR)/MemeMe.app/MemeMe";
			};
			name = Release;
		};
/* End XCBuildConfiguration section */

/* Begin XCConfigurationList section */
		B7B461841AF916D100329983 /* Build configuration list for PBXProject "MemeMe" */ = {
			isa = XCConfigurationList;
			buildConfigurations = (
				B7B461A61AF916D100329983 /* Debug */,
				B7B461A71AF916D100329983 /* Release */,
			);
			defaultConfigurationIsVisible = 0;
			defaultConfigurationName = Release;
		};
		B7B461A81AF916D100329983 /* Build configuration list for PBXNativeTarget "MemeMe" */ = {
			isa = XCConfigurationList;
			buildConfigurations = (
				B7B461A91AF916D100329983 /* Debug */,
				B7B461AA1AF916D100329983 /* Release */,
			);
			defaultConfigurationIsVisible = 0;
			defaultConfigurationName = Release;
		};
		B7B461AB1AF916D100329983 /* Build configuration list for PBXNativeTarget "MemeMeTests" */ = {
			isa = XCConfigurationList;
			buildConfigurations = (
				B7B461AC1AF916D100329983 /* Debug */,
				B7B461AD1AF916D100329983 /* Release */,
			);
			defaultConfigurationIsVisible = 0;
			defaultConfigurationName = Release;
		};
/* End XCConfigurationList section */
	};
	rootObject = B7B461811AF916D100329983 /* Project object */;
}
